
Microsoft Visual Studio Solution File, Format Version 12.00
# Visual Studio Version 16
VisualStudioVersion = 16.0.31019.35
MinimumVisualStudioVersion = 10.0.40219.1
Project("{FAE04EC0-301F-11D3-BF4B-00C04F79EFBC}") = "PersonDataManagement", "PersonDataManagement\PersonDataManagement.csproj", "{D23EE1E6-F4FB-4A80-9FC2-F7FA2F50D1D0}"
EndProject
Global
	GlobalSection(SolutionConfigurationPlatforms) = preSolution
		Debug|Any CPU = Debug|Any CPU
		Release|Any CPU = Release|Any CPU
	EndGlobalSection
	GlobalSection(ProjectConfigurationPlatforms) = postSolution
		{D23EE1E6-F4FB-4A80-9FC2-F7FA2F50D1D0}.Debug|Any CPU.ActiveCfg = Debug|Any CPU
		{D23EE1E6-F4FB-4A80-9FC2-F7FA2F50D1D0}.Debug|Any CPU.Build.0 = Debug|Any CPU
		{D23EE1E6-F4FB-4A80-9FC2-F7FA2F50D1D0}.Release|Any CPU.ActiveCfg = Release|Any CPU
		{D23EE1E6-F4FB-4A80-9FC2-F7FA2F50D1D0}.Release|Any CPU.Build.0 = Release|Any CPU
	EndGlobalSection
	GlobalSection(SolutionProperties) = preSolution
		HideSolutionNode = FALSE
	EndGlobalSection
	GlobalSection(ExtensibilityGlobals) = postSolution
		SolutionGuid = {3AAB56EE-BF70-48FC-A187-76C100CC24AC}
	EndGlobalSection
EndGlobal
